{
  "name": "baserrato",
  "version": "0.0.0",
  "lockfileVersion": 3,
  "requires": true,
  "packages": {
    "": {
      "name": "baserrato",
      "version": "0.0.0",
      "license": "MIT",
      "dependencies": {
        "@4lch4/logger": "^1.11.0",
        "@octokit/rest": "^20.0.1",
        "docker-cli-js": "^2.10.0",
        "dotenv": "^16.3.1",
        "fs-extra": "^11.1.1",
        "node-fetch": "^3.3.2"
      },
      "devDependencies": {
        "@types/dockerode": "^3.3.19",
        "@types/fs-extra": "^11.0.1",
        "@types/node": "^20.4.1",
        "prettier": "^3.0.0",
        "tsc-alias": "^1.8.7",
        "typescript": "^5.1.6"
      },
      "engines": {
        "node": ">=16.0.0"
      }
    },
    "node_modules/@4lch4/logger": {
      "version": "1.11.0",
      "resolved": "https://registry.npmjs.org/@4lch4/logger/-/logger-1.11.0.tgz",
      "integrity": "sha512-NvS3xW9R76e+FPIqk2LqUCJwR/KVEACl7z41FnucUF2OI9dOXxBo0RGnO7/yPNvaO+ZtNrLKoTf0+jVxkLBeHQ==",
      "dependencies": {
        "ansi-colors": "^4.1.3",
        "chalk": "^4",
        "dayjs": "^1.11.3",
        "fs-extra": "^10.1.0"
      }
    },
    "node_modules/@4lch4/logger/node_modules/fs-extra": {
      "version": "10.1.0",
      "resolved": "https://registry.npmjs.org/fs-extra/-/fs-extra-10.1.0.tgz",
      "integrity": "sha512-oRXApq54ETRj4eMiFzGnHWGy+zo5raudjuxN0b8H7s/RU2oW0Wvsx9O0ACRN/kRq9E8Vu/ReskGB5o3ji+FzHQ==",
      "dependencies": {
        "graceful-fs": "^4.2.0",
        "jsonfile": "^6.0.1",
        "universalify": "^2.0.0"
      },
      "engines": {
        "node": ">=12"
      }
    },
    "node_modules/@nodelib/fs.scandir": {
      "version": "2.1.5",
      "resolved": "https://registry.npmjs.org/@nodelib/fs.scandir/-/fs.scandir-2.1.5.tgz",
      "integrity": "sha512-vq24Bq3ym5HEQm2NKCr3yXDwjc7vTsEThRDnkp2DK9p1uqLR+DHurm/NOTo0KG7HYHU7eppKZj3MyqYuMBf62g==",
      "dev": true,
      "dependencies": {
        "@nodelib/fs.stat": "2.0.5",
        "run-parallel": "^1.1.9"
      },
      "engines": {
        "node": ">= 8"
      }
    },
    "node_modules/@nodelib/fs.stat": {
      "version": "2.0.5",
      "resolved": "https://registry.npmjs.org/@nodelib/fs.stat/-/fs.stat-2.0.5.tgz",
      "integrity": "sha512-RkhPPp2zrqDAQA/2jNhnztcPAlv64XdhIp7a7454A5ovI7Bukxgt7MX7udwAu3zg1DcpPU0rz3VV1SeaqvY4+A==",
      "dev": true,
      "engines": {
        "node": ">= 8"
      }
    },
    "node_modules/@nodelib/fs.walk": {
      "version": "1.2.8",
      "resolved": "https://registry.npmjs.org/@nodelib/fs.walk/-/fs.walk-1.2.8.tgz",
      "integrity": "sha512-oGB+UxlgWcgQkgwo8GcEGwemoTFt3FIO9ababBmaGwXIoBKZ+GTy0pP185beGg7Llih/NSHSV2XAs1lnznocSg==",
      "dev": true,
      "dependencies": {
        "@nodelib/fs.scandir": "2.1.5",
        "fastq": "^1.6.0"
      },
      "engines": {
        "node": ">= 8"
      }
    },
    "node_modules/@octokit/auth-token": {
      "version": "4.0.0",
      "resolved": "https://registry.npmjs.org/@octokit/auth-token/-/auth-token-4.0.0.tgz",
      "integrity": "sha512-tY/msAuJo6ARbK6SPIxZrPBms3xPbfwBrulZe0Wtr/DIY9lje2HeV1uoebShn6mx7SjCHif6EjMvoREj+gZ+SA==",
      "engines": {
        "node": ">= 18"
      }
    },
    "node_modules/@octokit/core": {
      "version": "5.0.0",
      "resolved": "https://registry.npmjs.org/@octokit/core/-/core-5.0.0.tgz",
      "integrity": "sha512-YbAtMWIrbZ9FCXbLwT9wWB8TyLjq9mxpKdgB3dUNxQcIVTf9hJ70gRPwAcqGZdY6WdJPZ0I7jLaaNDCiloGN2A==",
      "dependencies": {
        "@octokit/auth-token": "^4.0.0",
        "@octokit/graphql": "^7.0.0",
        "@octokit/request": "^8.0.2",
        "@octokit/request-error": "^5.0.0",
        "@octokit/types": "^11.0.0",
        "before-after-hook": "^2.2.0",
        "universal-user-agent": "^6.0.0"
      },
      "engines": {
        "node": ">= 18"
      }
    },
    "node_modules/@octokit/endpoint": {
      "version": "9.0.0",
      "resolved": "https://registry.npmjs.org/@octokit/endpoint/-/endpoint-9.0.0.tgz",
      "integrity": "sha512-szrQhiqJ88gghWY2Htt8MqUDO6++E/EIXqJ2ZEp5ma3uGS46o7LZAzSLt49myB7rT+Hfw5Y6gO3LmOxGzHijAQ==",
      "dependencies": {
        "@octokit/types": "^11.0.0",
        "is-plain-object": "^5.0.0",
        "universal-user-agent": "^6.0.0"
      },
      "engines": {
        "node": ">= 18"
      }
    },
    "node_modules/@octokit/graphql": {
      "version": "7.0.1",
      "resolved": "https://registry.npmjs.org/@octokit/graphql/-/graphql-7.0.1.tgz",
      "integrity": "sha512-T5S3oZ1JOE58gom6MIcrgwZXzTaxRnxBso58xhozxHpOqSTgDS6YNeEUvZ/kRvXgPrRz/KHnZhtb7jUMRi9E6w==",
      "dependencies": {
        "@octokit/request": "^8.0.1",
        "@octokit/types": "^11.0.0",
        "universal-user-agent": "^6.0.0"
      },
      "engines": {
        "node": ">= 18"
      }
    },
    "node_modules/@octokit/openapi-types": {
      "version": "18.0.0",
      "resolved": "https://registry.npmjs.org/@octokit/openapi-types/-/openapi-types-18.0.0.tgz",
      "integrity": "sha512-V8GImKs3TeQRxRtXFpG2wl19V7444NIOTDF24AWuIbmNaNYOQMWRbjcGDXV5B+0n887fgDcuMNOmlul+k+oJtw=="
    },
    "node_modules/@octokit/plugin-paginate-rest": {
      "version": "8.0.0",
      "resolved": "https://registry.npmjs.org/@octokit/plugin-paginate-rest/-/plugin-paginate-rest-8.0.0.tgz",
      "integrity": "sha512-2xZ+baZWUg+qudVXnnvXz7qfrTmDeYPCzangBVq/1gXxii/OiS//4shJp9dnCCvj1x+JAm9ji1Egwm1BA47lPQ==",
      "dependencies": {
        "@octokit/types": "^11.0.0"
      },
      "engines": {
        "node": ">= 18"
      },
      "peerDependencies": {
        "@octokit/core": ">=5"
      }
    },
    "node_modules/@octokit/plugin-request-log": {
      "version": "4.0.0",
      "resolved": "https://registry.npmjs.org/@octokit/plugin-request-log/-/plugin-request-log-4.0.0.tgz",
      "integrity": "sha512-2uJI1COtYCq8Z4yNSnM231TgH50bRkheQ9+aH8TnZanB6QilOnx8RMD2qsnamSOXtDj0ilxvevf5fGsBhBBzKA==",
      "engines": {
        "node": ">= 18"
      },
      "peerDependencies": {
        "@octokit/core": ">=5"
      }
    },
    "node_modules/@octokit/plugin-rest-endpoint-methods": {
      "version": "9.0.0",
      "resolved": "https://registry.npmjs.org/@octokit/plugin-rest-endpoint-methods/-/plugin-rest-endpoint-methods-9.0.0.tgz",
      "integrity": "sha512-KquMF/VB1IkKNiVnzJKspY5mFgGyLd7HzdJfVEGTJFzqu9BRFNWt+nwTCMuUiWc72gLQhRWYubTwOkQj+w/1PA==",
      "dependencies": {
        "@octokit/types": "^11.0.0"
      },
      "engines": {
        "node": ">= 18"
      },
      "peerDependencies": {
        "@octokit/core": ">=5"
      }
    },
    "node_modules/@octokit/request": {
      "version": "8.1.1",
      "resolved": "https://registry.npmjs.org/@octokit/request/-/request-8.1.1.tgz",
      "integrity": "sha512-8N+tdUz4aCqQmXl8FpHYfKG9GelDFd7XGVzyN8rc6WxVlYcfpHECnuRkgquzz+WzvHTK62co5di8gSXnzASZPQ==",
      "dependencies": {
        "@octokit/endpoint": "^9.0.0",
        "@octokit/request-error": "^5.0.0",
        "@octokit/types": "^11.1.0",
        "is-plain-object": "^5.0.0",
        "universal-user-agent": "^6.0.0"
      },
      "engines": {
        "node": ">= 18"
      }
    },
    "node_modules/@octokit/request-error": {
      "version": "5.0.0",
      "resolved": "https://registry.npmjs.org/@octokit/request-error/-/request-error-5.0.0.tgz",
      "integrity": "sha512-1ue0DH0Lif5iEqT52+Rf/hf0RmGO9NWFjrzmrkArpG9trFfDM/efx00BJHdLGuro4BR/gECxCU2Twf5OKrRFsQ==",
      "dependencies": {
        "@octokit/types": "^11.0.0",
        "deprecation": "^2.0.0",
        "once": "^1.4.0"
      },
      "engines": {
        "node": ">= 18"
      }
    },
    "node_modules/@octokit/rest": {
      "version": "20.0.1",
      "resolved": "https://registry.npmjs.org/@octokit/rest/-/rest-20.0.1.tgz",
      "integrity": "sha512-wROV21RwHQIMNb2Dgd4+pY+dVy1Dwmp85pBrgr6YRRDYRBu9Gb+D73f4Bl2EukZSj5hInq2Tui9o7gAQpc2k2Q==",
      "dependencies": {
        "@octokit/core": "^5.0.0",
        "@octokit/plugin-paginate-rest": "^8.0.0",
        "@octokit/plugin-request-log": "^4.0.0",
        "@octokit/plugin-rest-endpoint-methods": "^9.0.0"
      },
      "engines": {
        "node": ">= 18"
      }
    },
    "node_modules/@octokit/types": {
      "version": "11.1.0",
      "resolved": "https://registry.npmjs.org/@octokit/types/-/types-11.1.0.tgz",
      "integrity": "sha512-Fz0+7GyLm/bHt8fwEqgvRBWwIV1S6wRRyq+V6exRKLVWaKGsuy6H9QFYeBVDV7rK6fO3XwHgQOPxv+cLj2zpXQ==",
      "dependencies": {
        "@octokit/openapi-types": "^18.0.0"
      }
    },
    "node_modules/@types/blue-tape": {
      "version": "0.1.33",
      "resolved": "https://registry.npmjs.org/@types/blue-tape/-/blue-tape-0.1.33.tgz",
      "integrity": "sha512-l5cQcLM3aPh55bBQ4geWQ8hZ4Ew+s4RvyhMaBpgW3aJ2HUfRgwd8ENKrk/utC4Hz1dJAiehyIa4vN6emxBMaog==",
      "dependencies": {
        "@types/node": "*",
        "@types/tape": "*"
      }
    },
    "node_modules/@types/docker-modem": {
      "version": "3.0.3",
      "resolved": "https://registry.npmjs.org/@types/docker-modem/-/docker-modem-3.0.3.tgz",
      "integrity": "sha512-i1A2Etnav7uHizZ87vUf4EqwJehY3JOcTfBS0pGBlO+HQ0jg2lUMCaJRg9VQM8ldZkpYdIfsenxcTOCpwxPXEg==",
      "dev": true,
      "dependencies": {
        "@types/node": "*",
        "@types/ssh2": "*"
      }
    },
    "node_modules/@types/dockerode": {
      "version": "3.3.19",
      "resolved": "https://registry.npmjs.org/@types/dockerode/-/dockerode-3.3.19.tgz",
      "integrity": "sha512-7CC5yIpQi+bHXwDK43b/deYXteP3Lem9gdocVVHJPSRJJLMfbiOchQV3rDmAPkMw+n3GIVj7m1six3JW+VcwwA==",
      "dev": true,
      "dependencies": {
        "@types/docker-modem": "*",
        "@types/node": "*"
      }
    },
    "node_modules/@types/fs-extra": {
      "version": "11.0.1",
      "resolved": "https://registry.npmjs.org/@types/fs-extra/-/fs-extra-11.0.1.tgz",
      "integrity": "sha512-MxObHvNl4A69ofaTRU8DFqvgzzv8s9yRtaPPm5gud9HDNvpB3GPQFvNuTWAI59B9huVGV5jXYJwbCsmBsOGYWA==",
      "dev": true,
      "dependencies": {
        "@types/jsonfile": "*",
        "@types/node": "*"
      }
    },
    "node_modules/@types/jsonfile": {
      "version": "6.1.1",
      "resolved": "https://registry.npmjs.org/@types/jsonfile/-/jsonfile-6.1.1.tgz",
      "integrity": "sha512-GSgiRCVeapDN+3pqA35IkQwasaCh/0YFH5dEF6S88iDvEn901DjOeH3/QPY+XYP1DFzDZPvIvfeEgk+7br5png==",
      "dev": true,
      "dependencies": {
        "@types/node": "*"
      }
    },
    "node_modules/@types/lodash": {
      "version": "4.14.119",
      "resolved": "https://registry.npmjs.org/@types/lodash/-/lodash-4.14.119.tgz",
      "integrity": "sha512-Z3TNyBL8Vd/M9D9Ms2S3LmFq2sSMzahodD6rCS9V2N44HUMINb75jNkSuwAx7eo2ufqTdfOdtGQpNbieUjPQmw=="
    },
    "node_modules/@types/node": {
      "version": "20.5.9",
      "resolved": "https://registry.npmjs.org/@types/node/-/node-20.5.9.tgz",
      "integrity": "sha512-PcGNd//40kHAS3sTlzKB9C9XL4K0sTup8nbG5lC14kzEteTNuAFh9u5nA0o5TWnSG2r/JNPRXFVcHJIIeRlmqQ=="
    },
    "node_modules/@types/ssh2": {
      "version": "1.11.13",
      "resolved": "https://registry.npmjs.org/@types/ssh2/-/ssh2-1.11.13.tgz",
      "integrity": "sha512-08WbG68HvQ2YVi74n2iSUnYHYpUdFc/s2IsI0BHBdJwaqYJpWlVv9elL0tYShTv60yr0ObdxJR5NrCRiGJ/0CQ==",
      "dev": true,
      "dependencies": {
        "@types/node": "^18.11.18"
      }
    },
    "node_modules/@types/ssh2/node_modules/@types/node": {
      "version": "18.17.15",
      "resolved": "https://registry.npmjs.org/@types/node/-/node-18.17.15.tgz",
      "integrity": "sha512-2yrWpBk32tvV/JAd3HNHWuZn/VDN1P+72hWirHnvsvTGSqbANi+kSeuQR9yAHnbvaBvHDsoTdXV0Fe+iRtHLKA==",
      "dev": true
    },
    "node_modules/@types/tape": {
      "version": "5.6.0",
      "resolved": "https://registry.npmjs.org/@types/tape/-/tape-5.6.0.tgz",
      "integrity": "sha512-yt27qxGg45IVJ0i2PdbYopND9d4eaXwne/jpi0saYb7PHYu8ZYaQB+cADjj+YZkZZjCM4rnhMPYFGd6+M8sWKg==",
      "dependencies": {
        "@types/node": "*",
        "@types/through": "*"
      }
    },
    "node_modules/@types/through": {
      "version": "0.0.30",
      "resolved": "https://registry.npmjs.org/@types/through/-/through-0.0.30.tgz",
      "integrity": "sha512-FvnCJljyxhPM3gkRgWmxmDZyAQSiBQQWLI0A0VFL0K7W1oRUrPJSqNO0NvTnLkBcotdlp3lKvaT0JrnyRDkzOg==",
      "dependencies": {
        "@types/node": "*"
      }
    },
    "node_modules/ansi-colors": {
      "version": "4.1.3",
      "resolved": "https://registry.npmjs.org/ansi-colors/-/ansi-colors-4.1.3.tgz",
      "integrity": "sha512-/6w/C21Pm1A7aZitlI5Ni/2J6FFQN8i1Cvz3kHABAAbw93v/NlvKdVOqz7CCWz/3iv/JplRSEEZ83XION15ovw==",
      "engines": {
        "node": ">=6"
      }
    },
    "node_modules/ansi-styles": {
      "version": "4.3.0",
      "resolved": "https://registry.npmjs.org/ansi-styles/-/ansi-styles-4.3.0.tgz",
      "integrity": "sha512-zbB9rCJAT1rbjiVDb2hqKFHNYLxgtk8NURxZ3IZwD3F6NtxbXZQCnnSi1Lkx+IDohdPlFp222wVALIheZJQSEg==",
      "dependencies": {
        "color-convert": "^2.0.1"
      },
      "engines": {
        "node": ">=8"
      },
      "funding": {
        "url": "https://github.com/chalk/ansi-styles?sponsor=1"
      }
    },
    "node_modules/anymatch": {
      "version": "3.1.3",
      "resolved": "https://registry.npmjs.org/anymatch/-/anymatch-3.1.3.tgz",
      "integrity": "sha512-KMReFUr0B4t+D+OBkjR3KYqvocp2XaSzO55UcB6mgQMd3KbcE+mWTyvVV7D/zsdEbNnV6acZUutkiHQXvTr1Rw==",
      "dev": true,
      "dependencies": {
        "normalize-path": "^3.0.0",
        "picomatch": "^2.0.4"
      },
      "engines": {
        "node": ">= 8"
      }
    },
    "node_modules/array-union": {
      "version": "2.1.0",
      "resolved": "https://registry.npmjs.org/array-union/-/array-union-2.1.0.tgz",
      "integrity": "sha512-HGyxoOTYUyCM6stUe6EJgnd4EoewAI7zMdfqO+kGjnlZmBDz/cR5pf8r/cR4Wq60sL/p0IkcjUEEPwS3GFrIyw==",
      "dev": true,
      "engines": {
        "node": ">=8"
      }
    },
    "node_modules/before-after-hook": {
      "version": "2.2.3",
      "resolved": "https://registry.npmjs.org/before-after-hook/-/before-after-hook-2.2.3.tgz",
      "integrity": "sha512-NzUnlZexiaH/46WDhANlyR2bXRopNg4F/zuSA3OpZnllCUgRaOF2znDioDWrmbNVsuZk6l9pMquQB38cfBZwkQ=="
    },
    "node_modules/binary-extensions": {
      "version": "2.2.0",
      "resolved": "https://registry.npmjs.org/binary-extensions/-/binary-extensions-2.2.0.tgz",
      "integrity": "sha512-jDctJ/IVQbZoJykoeHbhXpOlNBqGNcwXJKJog42E5HDPUwQTSdjCHdihjj0DlnheQ7blbT6dHOafNAiS8ooQKA==",
      "dev": true,
      "engines": {
        "node": ">=8"
      }
    },
    "node_modules/braces": {
      "version": "3.0.2",
      "resolved": "https://registry.npmjs.org/braces/-/braces-3.0.2.tgz",
      "integrity": "sha512-b8um+L1RzM3WDSzvhm6gIz1yfTbBt6YTlcEKAvsmqCZZFw46z626lVj9j1yEPW33H5H+lBQpZMP1k8l+78Ha0A==",
      "dev": true,
      "dependencies": {
        "fill-range": "^7.0.1"
      },
      "engines": {
        "node": ">=8"
      }
    },
    "node_modules/chalk": {
      "version": "4.1.2",
      "resolved": "https://registry.npmjs.org/chalk/-/chalk-4.1.2.tgz",
      "integrity": "sha512-oKnbhFyRIXpUuez8iBMmyEa4nbj4IOQyuhc/wy9kY7/WVPcwIO9VA668Pu8RkO7+0G76SLROeyw9CpQ061i4mA==",
      "dependencies": {
        "ansi-styles": "^4.1.0",
        "supports-color": "^7.1.0"
      },
      "engines": {
        "node": ">=10"
      },
      "funding": {
        "url": "https://github.com/chalk/chalk?sponsor=1"
      }
    },
    "node_modules/chokidar": {
      "version": "3.5.3",
      "resolved": "https://registry.npmjs.org/chokidar/-/chokidar-3.5.3.tgz",
      "integrity": "sha512-Dr3sfKRP6oTcjf2JmUmFJfeVMvXBdegxB0iVQ5eb2V10uFJUCAS8OByZdVAyVb8xXNz3GjjTgj9kLWsZTqE6kw==",
      "dev": true,
      "funding": [
        {
          "type": "individual",
          "url": "https://paulmillr.com/funding/"
        }
      ],
      "dependencies": {
        "anymatch": "~3.1.2",
        "braces": "~3.0.2",
        "glob-parent": "~5.1.2",
        "is-binary-path": "~2.1.0",
        "is-glob": "~4.0.1",
        "normalize-path": "~3.0.0",
        "readdirp": "~3.6.0"
      },
      "engines": {
        "node": ">= 8.10.0"
      },
      "optionalDependencies": {
        "fsevents": "~2.3.2"
      }
    },
    "node_modules/cli-table-2-json": {
      "version": "1.0.13",
      "resolved": "https://registry.npmjs.org/cli-table-2-json/-/cli-table-2-json-1.0.13.tgz",
      "integrity": "sha512-CpUj9dubfuIZSEezwUPycAJqM2dlATyyRUyBkfGeK2KNfrqK3XrdaBohMt0XlkEvsZyDfUEmPWCNvUO+a/7Wsw==",
      "dependencies": {
        "@types/blue-tape": "^0.1.30",
        "@types/lodash": "4.14.119",
        "lodash": "^4.17.15"
      }
    },
    "node_modules/color-convert": {
      "version": "2.0.1",
      "resolved": "https://registry.npmjs.org/color-convert/-/color-convert-2.0.1.tgz",
      "integrity": "sha512-RRECPsj7iu/xb5oKYcsFHSppFNnsj/52OVTRKb4zP5onXwVF3zVmmToNcOfGC+CRDpfK/U584fMg38ZHCaElKQ==",
      "dependencies": {
        "color-name": "~1.1.4"
      },
      "engines": {
        "node": ">=7.0.0"
      }
    },
    "node_modules/color-name": {
      "version": "1.1.4",
      "resolved": "https://registry.npmjs.org/color-name/-/color-name-1.1.4.tgz",
      "integrity": "sha512-dOy+3AuW3a2wNbZHIuMZpTcgjGuLU/uBL/ubcZF9OXbDo8ff4O8yVp5Bf0efS8uEoYo5q4Fx7dY9OgQGXgAsQA=="
    },
    "node_modules/commander": {
      "version": "9.5.0",
      "resolved": "https://registry.npmjs.org/commander/-/commander-9.5.0.tgz",
      "integrity": "sha512-KRs7WVDKg86PWiuAqhDrAQnTXZKraVcCc6vFdL14qrZ/DcWwuRo7VoiYXalXO7S5GKpqYiVEwCbgFDfxNHKJBQ==",
      "dev": true,
      "engines": {
        "node": "^12.20.0 || >=14"
      }
    },
    "node_modules/data-uri-to-buffer": {
      "version": "4.0.1",
      "resolved": "https://registry.npmjs.org/data-uri-to-buffer/-/data-uri-to-buffer-4.0.1.tgz",
      "integrity": "sha512-0R9ikRb668HB7QDxT1vkpuUBtqc53YyAwMwGeUFKRojY/NWKvdZ+9UYtRfGmhqNbRkTSVpMbmyhXipFFv2cb/A==",
      "engines": {
        "node": ">= 12"
      }
    },
    "node_modules/dayjs": {
      "version": "1.11.9",
      "resolved": "https://registry.npmjs.org/dayjs/-/dayjs-1.11.9.tgz",
      "integrity": "sha512-QvzAURSbQ0pKdIye2txOzNaHmxtUBXerpY0FJsFXUMKbIZeFm5ht1LS/jFsrncjnmtv8HsG0W2g6c0zUjZWmpA=="
    },
    "node_modules/deprecation": {
      "version": "2.3.1",
      "resolved": "https://registry.npmjs.org/deprecation/-/deprecation-2.3.1.tgz",
      "integrity": "sha512-xmHIy4F3scKVwMsQ4WnVaS8bHOx0DmVwRywosKhaILI0ywMDWPtBSku2HNxRvF7jtwDRsoEwYQSfbxj8b7RlJQ=="
    },
    "node_modules/dir-glob": {
      "version": "3.0.1",
      "resolved": "https://registry.npmjs.org/dir-glob/-/dir-glob-3.0.1.tgz",
      "integrity": "sha512-WkrWp9GR4KXfKGYzOLmTuGVi1UWFfws377n9cc55/tb6DuqyF6pcQ5AbiHEshaDpY9v6oaSr2XCDidGmMwdzIA==",
      "dev": true,
      "dependencies": {
        "path-type": "^4.0.0"
      },
      "engines": {
        "node": ">=8"
      }
    },
    "node_modules/docker-cli-js": {
      "version": "2.10.0",
      "resolved": "https://registry.npmjs.org/docker-cli-js/-/docker-cli-js-2.10.0.tgz",
      "integrity": "sha512-p/Hf3igU69bIZ0WvHu0M0/VrKE3LojVWiKyh/4hfPkvCGaad3mWE51q0OyxYP+P26cEISAx0mImtsO6VJdKiZA==",
      "dependencies": {
        "cli-table-2-json": "1.0.13",
        "dockermachine-cli-js": "3.0.5",
        "lodash.snakecase": "^4.1.1",
        "nodeify-ts": "1.0.6"
      }
    },
    "node_modules/dockermachine-cli-js": {
      "version": "3.0.5",
      "resolved": "https://registry.npmjs.org/dockermachine-cli-js/-/dockermachine-cli-js-3.0.5.tgz",
      "integrity": "sha512-oV9RRKGvWrvsGl8JW9TWKpjBJVGxn/1qMvhqwPJiOPfRES0+lrq/Q8Wzixb6qinuXPVBhlWqhXb/Oxrh6Vuf/g==",
      "dependencies": {
        "cli-table-2-json": "1.0.13",
        "nodeify-ts": "1.0.6"
      }
    },
    "node_modules/dotenv": {
      "version": "16.3.1",
      "resolved": "https://registry.npmjs.org/dotenv/-/dotenv-16.3.1.tgz",
      "integrity": "sha512-IPzF4w4/Rd94bA9imS68tZBaYyBWSCE47V1RGuMrB94iyTOIEwRmVL2x/4An+6mETpLrKJ5hQkB8W4kFAadeIQ==",
      "engines": {
        "node": ">=12"
      },
      "funding": {
        "url": "https://github.com/motdotla/dotenv?sponsor=1"
      }
    },
    "node_modules/fast-glob": {
      "version": "3.3.1",
      "resolved": "https://registry.npmjs.org/fast-glob/-/fast-glob-3.3.1.tgz",
      "integrity": "sha512-kNFPyjhh5cKjrUltxs+wFx+ZkbRaxxmZ+X0ZU31SOsxCEtP9VPgtq2teZw1DebupL5GmDaNQ6yKMMVcM41iqDg==",
      "dev": true,
      "dependencies": {
        "@nodelib/fs.stat": "^2.0.2",
        "@nodelib/fs.walk": "^1.2.3",
        "glob-parent": "^5.1.2",
        "merge2": "^1.3.0",
        "micromatch": "^4.0.4"
      },
      "engines": {
        "node": ">=8.6.0"
      }
    },
    "node_modules/fastq": {
      "version": "1.15.0",
      "resolved": "https://registry.npmjs.org/fastq/-/fastq-1.15.0.tgz",
      "integrity": "sha512-wBrocU2LCXXa+lWBt8RoIRD89Fi8OdABODa/kEnyeyjS5aZO5/GNvI5sEINADqP/h8M29UHTHUb53sUu5Ihqdw==",
      "dev": true,
      "dependencies": {
        "reusify": "^1.0.4"
      }
    },
    "node_modules/fetch-blob": {
      "version": "3.2.0",
      "resolved": "https://registry.npmjs.org/fetch-blob/-/fetch-blob-3.2.0.tgz",
      "integrity": "sha512-7yAQpD2UMJzLi1Dqv7qFYnPbaPx7ZfFK6PiIxQ4PfkGPyNyl2Ugx+a/umUonmKqjhM4DnfbMvdX6otXq83soQQ==",
      "funding": [
        {
          "type": "github",
          "url": "https://github.com/sponsors/jimmywarting"
        },
        {
          "type": "paypal",
          "url": "https://paypal.me/jimmywarting"
        }
      ],
      "dependencies": {
        "node-domexception": "^1.0.0",
        "web-streams-polyfill": "^3.0.3"
      },
      "engines": {
        "node": "^12.20 || >= 14.13"
      }
    },
    "node_modules/fill-range": {
      "version": "7.0.1",
      "resolved": "https://registry.npmjs.org/fill-range/-/fill-range-7.0.1.tgz",
      "integrity": "sha512-qOo9F+dMUmC2Lcb4BbVvnKJxTPjCm+RRpe4gDuGrzkL7mEVl/djYSu2OdQ2Pa302N4oqkSg9ir6jaLWJ2USVpQ==",
      "dev": true,
      "dependencies": {
        "to-regex-range": "^5.0.1"
      },
      "engines": {
        "node": ">=8"
      }
    },
    "node_modules/formdata-polyfill": {
      "version": "4.0.10",
      "resolved": "https://registry.npmjs.org/formdata-polyfill/-/formdata-polyfill-4.0.10.tgz",
      "integrity": "sha512-buewHzMvYL29jdeQTVILecSaZKnt/RJWjoZCF5OW60Z67/GmSLBkOFM7qh1PI3zFNtJbaZL5eQu1vLfazOwj4g==",
      "dependencies": {
        "fetch-blob": "^3.1.2"
      },
      "engines": {
        "node": ">=12.20.0"
      }
    },
    "node_modules/fs-extra": {
      "version": "11.1.1",
      "resolved": "https://registry.npmjs.org/fs-extra/-/fs-extra-11.1.1.tgz",
      "integrity": "sha512-MGIE4HOvQCeUCzmlHs0vXpih4ysz4wg9qiSAu6cd42lVwPbTM1TjV7RusoyQqMmk/95gdQZX72u+YW+c3eEpFQ==",
      "dependencies": {
        "graceful-fs": "^4.2.0",
        "jsonfile": "^6.0.1",
        "universalify": "^2.0.0"
      },
      "engines": {
        "node": ">=14.14"
      }
    },
    "node_modules/fsevents": {
      "version": "2.3.3",
      "resolved": "https://registry.npmjs.org/fsevents/-/fsevents-2.3.3.tgz",
      "integrity": "sha512-5xoDfX+fL7faATnagmWPpbFtwh/R77WmMMqqHGS65C3vvB0YHrgF+B1YmZ3441tMj5n63k0212XNoJwzlhffQw==",
      "dev": true,
      "hasInstallScript": true,
      "optional": true,
      "os": [
        "darwin"
      ],
      "engines": {
        "node": "^8.16.0 || ^10.6.0 || >=11.0.0"
      }
    },
    "node_modules/glob-parent": {
      "version": "5.1.2",
      "resolved": "https://registry.npmjs.org/glob-parent/-/glob-parent-5.1.2.tgz",
      "integrity": "sha512-AOIgSQCepiJYwP3ARnGx+5VnTu2HBYdzbGP45eLw1vr3zB3vZLeyed1sC9hnbcOc9/SrMyM5RPQrkGz4aS9Zow==",
      "dev": true,
      "dependencies": {
        "is-glob": "^4.0.1"
      },
      "engines": {
        "node": ">= 6"
      }
    },
    "node_modules/globby": {
      "version": "11.1.0",
      "resolved": "https://registry.npmjs.org/globby/-/globby-11.1.0.tgz",
      "integrity": "sha512-jhIXaOzy1sb8IyocaruWSn1TjmnBVs8Ayhcy83rmxNJ8q2uWKCAj3CnJY+KpGSXCueAPc0i05kVvVKtP1t9S3g==",
      "dev": true,
      "dependencies": {
        "array-union": "^2.1.0",
        "dir-glob": "^3.0.1",
        "fast-glob": "^3.2.9",
        "ignore": "^5.2.0",
        "merge2": "^1.4.1",
        "slash": "^3.0.0"
      },
      "engines": {
        "node": ">=10"
      },
      "funding": {
        "url": "https://github.com/sponsors/sindresorhus"
      }
    },
    "node_modules/graceful-fs": {
      "version": "4.2.11",
      "resolved": "https://registry.npmjs.org/graceful-fs/-/graceful-fs-4.2.11.tgz",
      "integrity": "sha512-RbJ5/jmFcNNCcDV5o9eTnBLJ/HszWV0P73bc+Ff4nS/rJj+YaS6IGyiOL0VoBYX+l1Wrl3k63h/KrH+nhJ0XvQ=="
    },
    "node_modules/has-flag": {
      "version": "4.0.0",
      "resolved": "https://registry.npmjs.org/has-flag/-/has-flag-4.0.0.tgz",
      "integrity": "sha512-EykJT/Q1KjTWctppgIAgfSO0tKVuZUjhgMr17kqTumMl6Afv3EISleU7qZUzoXDFTAHTDC4NOoG/ZxU3EvlMPQ==",
      "engines": {
        "node": ">=8"
      }
    },
    "node_modules/ignore": {
      "version": "5.2.4",
      "resolved": "https://registry.npmjs.org/ignore/-/ignore-5.2.4.tgz",
      "integrity": "sha512-MAb38BcSbH0eHNBxn7ql2NH/kX33OkB3lZ1BNdh7ENeRChHTYsTvWrMubiIAMNS2llXEEgZ1MUOBtXChP3kaFQ==",
      "dev": true,
      "engines": {
        "node": ">= 4"
      }
    },
    "node_modules/is-binary-path": {
      "version": "2.1.0",
      "resolved": "https://registry.npmjs.org/is-binary-path/-/is-binary-path-2.1.0.tgz",
      "integrity": "sha512-ZMERYes6pDydyuGidse7OsHxtbI7WVeUEozgR/g7rd0xUimYNlvZRE/K2MgZTjWy725IfelLeVcEM97mmtRGXw==",
      "dev": true,
      "dependencies": {
        "binary-extensions": "^2.0.0"
      },
      "engines": {
        "node": ">=8"
      }
    },
    "node_modules/is-extglob": {
      "version": "2.1.1",
      "resolved": "https://registry.npmjs.org/is-extglob/-/is-extglob-2.1.1.tgz",
      "integrity": "sha512-SbKbANkN603Vi4jEZv49LeVJMn4yGwsbzZworEoyEiutsN3nJYdbO36zfhGJ6QEDpOZIFkDtnq5JRxmvl3jsoQ==",
      "dev": true,
      "engines": {
        "node": ">=0.10.0"
      }
    },
    "node_modules/is-glob": {
      "version": "4.0.3",
      "resolved": "https://registry.npmjs.org/is-glob/-/is-glob-4.0.3.tgz",
      "integrity": "sha512-xelSayHH36ZgE7ZWhli7pW34hNbNl8Ojv5KVmkJD4hBdD3th8Tfk9vYasLM+mXWOZhFkgZfxhLSnrwRr4elSSg==",
      "dev": true,
      "dependencies": {
        "is-extglob": "^2.1.1"
      },
      "engines": {
        "node": ">=0.10.0"
      }
    },
    "node_modules/is-number": {
      "version": "7.0.0",
      "resolved": "https://registry.npmjs.org/is-number/-/is-number-7.0.0.tgz",
      "integrity": "sha512-41Cifkg6e8TylSpdtTpeLVMqvSBEVzTttHvERD741+pnZ8ANv0004MRL43QKPDlK9cGvNp6NZWZUBlbGXYxxng==",
      "dev": true,
      "engines": {
        "node": ">=0.12.0"
      }
    },
    "node_modules/is-plain-object": {
      "version": "5.0.0",
      "resolved": "https://registry.npmjs.org/is-plain-object/-/is-plain-object-5.0.0.tgz",
      "integrity": "sha512-VRSzKkbMm5jMDoKLbltAkFQ5Qr7VDiTFGXxYFXXowVj387GeGNOCsOH6Msy00SGZ3Fp84b1Naa1psqgcCIEP5Q==",
      "engines": {
        "node": ">=0.10.0"
      }
    },
    "node_modules/jsonfile": {
      "version": "6.1.0",
      "resolved": "https://registry.npmjs.org/jsonfile/-/jsonfile-6.1.0.tgz",
      "integrity": "sha512-5dgndWOriYSm5cnYaJNhalLNDKOqFwyDB/rr1E9ZsGciGvKPs8R2xYGCacuf3z6K1YKDz182fd+fY3cn3pMqXQ==",
      "dependencies": {
        "universalify": "^2.0.0"
      },
      "optionalDependencies": {
        "graceful-fs": "^4.1.6"
      }
    },
    "node_modules/lodash": {
      "version": "4.17.21",
      "resolved": "https://registry.npmjs.org/lodash/-/lodash-4.17.21.tgz",
      "integrity": "sha512-v2kDEe57lecTulaDIuNTPy3Ry4gLGJ6Z1O3vE1krgXZNrsQ+LFTGHVxVjcXPs17LhbZVGedAJv8XZ1tvj5FvSg=="
    },
    "node_modules/lodash.snakecase": {
      "version": "4.1.1",
      "resolved": "https://registry.npmjs.org/lodash.snakecase/-/lodash.snakecase-4.1.1.tgz",
      "integrity": "sha512-QZ1d4xoBHYUeuouhEq3lk3Uq7ldgyFXGBhg04+oRLnIz8o9T65Eh+8YdroUwn846zchkA9yDsDl5CVVaV2nqYw=="
    },
    "node_modules/merge2": {
      "version": "1.4.1",
      "resolved": "https://registry.npmjs.org/merge2/-/merge2-1.4.1.tgz",
      "integrity": "sha512-8q7VEgMJW4J8tcfVPy8g09NcQwZdbwFEqhe/WZkoIzjn/3TGDwtOCYtXGxA3O8tPzpczCCDgv+P2P5y00ZJOOg==",
      "dev": true,
      "engines": {
        "node": ">= 8"
      }
    },
    "node_modules/micromatch": {
      "version": "4.0.5",
      "resolved": "https://registry.npmjs.org/micromatch/-/micromatch-4.0.5.tgz",
      "integrity": "sha512-DMy+ERcEW2q8Z2Po+WNXuw3c5YaUSFjAO5GsJqfEl7UjvtIuFKO6ZrKvcItdy98dwFI2N1tg3zNIdKaQT+aNdA==",
      "dev": true,
      "dependencies": {
        "braces": "^3.0.2",
        "picomatch": "^2.3.1"
      },
      "engines": {
        "node": ">=8.6"
      }
    },
    "node_modules/mylas": {
      "version": "2.1.13",
      "resolved": "https://registry.npmjs.org/mylas/-/mylas-2.1.13.tgz",
      "integrity": "sha512-+MrqnJRtxdF+xngFfUUkIMQrUUL0KsxbADUkn23Z/4ibGg192Q+z+CQyiYwvWTsYjJygmMR8+w3ZDa98Zh6ESg==",
      "dev": true,
      "engines": {
        "node": ">=12.0.0"
      },
      "funding": {
        "type": "github",
        "url": "https://github.com/sponsors/raouldeheer"
      }
    },
    "node_modules/node-domexception": {
      "version": "1.0.0",
      "resolved": "https://registry.npmjs.org/node-domexception/-/node-domexception-1.0.0.tgz",
      "integrity": "sha512-/jKZoMpw0F8GRwl4/eLROPA3cfcXtLApP0QzLmUT/HuPCZWyB7IY9ZrMeKw2O/nFIqPQB3PVM9aYm0F312AXDQ==",
      "funding": [
        {
          "type": "github",
          "url": "https://github.com/sponsors/jimmywarting"
        },
        {
          "type": "github",
          "url": "https://paypal.me/jimmywarting"
        }
      ],
      "engines": {
        "node": ">=10.5.0"
      }
    },
    "node_modules/node-fetch": {
      "version": "3.3.2",
      "resolved": "https://registry.npmjs.org/node-fetch/-/node-fetch-3.3.2.tgz",
      "integrity": "sha512-dRB78srN/l6gqWulah9SrxeYnxeddIG30+GOqK/9OlLVyLg3HPnr6SqOWTWOXKRwC2eGYCkZ59NNuSgvSrpgOA==",
      "dependencies": {
        "data-uri-to-buffer": "^4.0.0",
        "fetch-blob": "^3.1.4",
        "formdata-polyfill": "^4.0.10"
      },
      "engines": {
        "node": "^12.20.0 || ^14.13.1 || >=16.0.0"
      },
      "funding": {
        "type": "opencollective",
        "url": "https://opencollective.com/node-fetch"
      }
    },
    "node_modules/nodeify-ts": {
      "version": "1.0.6",
      "resolved": "https://registry.npmjs.org/nodeify-ts/-/nodeify-ts-1.0.6.tgz",
      "integrity": "sha512-jq+8sqVG1aLqy5maMTceL8NUJ1CvarWztlxvrYh3G0aao9BsVeoVmVedUnrUSBLetP7oLIAJrPrw4+iIo7v3GA=="
    },
    "node_modules/normalize-path": {
      "version": "3.0.0",
      "resolved": "https://registry.npmjs.org/normalize-path/-/normalize-path-3.0.0.tgz",
      "integrity": "sha512-6eZs5Ls3WtCisHWp9S2GUy8dqkpGi4BVSz3GaqiE6ezub0512ESztXUwUB6C6IKbQkY2Pnb/mD4WYojCRwcwLA==",
      "dev": true,
      "engines": {
        "node": ">=0.10.0"
      }
    },
    "node_modules/once": {
      "version": "1.4.0",
      "resolved": "https://registry.npmjs.org/once/-/once-1.4.0.tgz",
      "integrity": "sha512-lNaJgI+2Q5URQBkccEKHTQOPaXdUxnZZElQTZY0MFUAuaEqe1E+Nyvgdz/aIyNi6Z9MzO5dv1H8n58/GELp3+w==",
      "dependencies": {
        "wrappy": "1"
      }
    },
    "node_modules/path-type": {
      "version": "4.0.0",
      "resolved": "https://registry.npmjs.org/path-type/-/path-type-4.0.0.tgz",
      "integrity": "sha512-gDKb8aZMDeD/tZWs9P6+q0J9Mwkdl6xMV8TjnGP3qJVJ06bdMgkbBlLU8IdfOsIsFz2BW1rNVT3XuNEl8zPAvw==",
      "dev": true,
      "engines": {
        "node": ">=8"
      }
    },
    "node_modules/picomatch": {
      "version": "2.3.1",
      "resolved": "https://registry.npmjs.org/picomatch/-/picomatch-2.3.1.tgz",
      "integrity": "sha512-JU3teHTNjmE2VCGFzuY8EXzCDVwEqB2a8fsIvwaStHhAWJEeVd1o1QD80CU6+ZdEXXSLbSsuLwJjkCBWqRQUVA==",
      "dev": true,
      "engines": {
        "node": ">=8.6"
      },
      "funding": {
        "url": "https://github.com/sponsors/jonschlinkert"
      }
    },
    "node_modules/plimit-lit": {
      "version": "1.5.0",
      "resolved": "https://registry.npmjs.org/plimit-lit/-/plimit-lit-1.5.0.tgz",
      "integrity": "sha512-Eb/MqCb1Iv/ok4m1FqIXqvUKPISufcjZ605hl3KM/n8GaX8zfhtgdLwZU3vKjuHGh2O9Rjog/bHTq8ofIShdng==",
      "dev": true,
      "dependencies": {
        "queue-lit": "^1.5.0"
      }
    },
    "node_modules/prettier": {
      "version": "3.0.3",
      "resolved": "https://registry.npmjs.org/prettier/-/prettier-3.0.3.tgz",
      "integrity": "sha512-L/4pUDMxcNa8R/EthV08Zt42WBO4h1rarVtK0K+QJG0X187OLo7l699jWw0GKuwzkPQ//jMFA/8Xm6Fh3J/DAg==",
      "dev": true,
      "bin": {
        "prettier": "bin/prettier.cjs"
      },
      "engines": {
        "node": ">=14"
      },
      "funding": {
        "url": "https://github.com/prettier/prettier?sponsor=1"
      }
    },
    "node_modules/queue-lit": {
      "version": "1.5.0",
      "resolved": "https://registry.npmjs.org/queue-lit/-/queue-lit-1.5.0.tgz",
      "integrity": "sha512-IslToJ4eiCEE9xwMzq3viOO5nH8sUWUCwoElrhNMozzr9IIt2qqvB4I+uHu/zJTQVqc9R5DFwok4ijNK1pU3fA==",
      "dev": true
    },
    "node_modules/queue-microtask": {
      "version": "1.2.3",
      "resolved": "https://registry.npmjs.org/queue-microtask/-/queue-microtask-1.2.3.tgz",
      "integrity": "sha512-NuaNSa6flKT5JaSYQzJok04JzTL1CA6aGhv5rfLW3PgqA+M2ChpZQnAC8h8i4ZFkBS8X5RqkDBHA7r4hej3K9A==",
      "dev": true,
      "funding": [
        {
          "type": "github",
          "url": "https://github.com/sponsors/feross"
        },
        {
          "type": "patreon",
          "url": "https://www.patreon.com/feross"
        },
        {
          "type": "consulting",
          "url": "https://feross.org/support"
        }
      ]
    },
    "node_modules/readdirp": {
      "version": "3.6.0",
      "resolved": "https://registry.npmjs.org/readdirp/-/readdirp-3.6.0.tgz",
      "integrity": "sha512-hOS089on8RduqdbhvQ5Z37A0ESjsqz6qnRcffsMU3495FuTdqSm+7bhJ29JvIOsBDEEnan5DPu9t3To9VRlMzA==",
      "dev": true,
      "dependencies": {
        "picomatch": "^2.2.1"
      },
      "engines": {
        "node": ">=8.10.0"
      }
    },
    "node_modules/reusify": {
      "version": "1.0.4",
      "resolved": "https://registry.npmjs.org/reusify/-/reusify-1.0.4.tgz",
      "integrity": "sha512-U9nH88a3fc/ekCF1l0/UP1IosiuIjyTh7hBvXVMHYgVcfGvt897Xguj2UOLDeI5BG2m7/uwyaLVT6fbtCwTyzw==",
      "dev": true,
      "engines": {
        "iojs": ">=1.0.0",
        "node": ">=0.10.0"
      }
    },
    "node_modules/run-parallel": {
      "version": "1.2.0",
      "resolved": "https://registry.npmjs.org/run-parallel/-/run-parallel-1.2.0.tgz",
      "integrity": "sha512-5l4VyZR86LZ/lDxZTR6jqL8AFE2S0IFLMP26AbjsLVADxHdhB/c0GUsH+y39UfCi3dzz8OlQuPmnaJOMoDHQBA==",
      "dev": true,
      "funding": [
        {
          "type": "github",
          "url": "https://github.com/sponsors/feross"
        },
        {
          "type": "patreon",
          "url": "https://www.patreon.com/feross"
        },
        {
          "type": "consulting",
          "url": "https://feross.org/support"
        }
      ],
      "dependencies": {
        "queue-microtask": "^1.2.2"
      }
    },
    "node_modules/slash": {
      "version": "3.0.0",
      "resolved": "https://registry.npmjs.org/slash/-/slash-3.0.0.tgz",
      "integrity": "sha512-g9Q1haeby36OSStwb4ntCGGGaKsaVSjQ68fBxoQcutl5fS1vuY18H3wSt3jFyFtrkx+Kz0V1G85A4MyAdDMi2Q==",
      "dev": true,
      "engines": {
        "node": ">=8"
      }
    },
    "node_modules/supports-color": {
      "version": "7.2.0",
      "resolved": "https://registry.npmjs.org/supports-color/-/supports-color-7.2.0.tgz",
      "integrity": "sha512-qpCAvRl9stuOHveKsn7HncJRvv501qIacKzQlO/+Lwxc9+0q2wLyv4Dfvt80/DPn2pqOBsJdDiogXGR9+OvwRw==",
      "dependencies": {
        "has-flag": "^4.0.0"
      },
      "engines": {
        "node": ">=8"
      }
    },
    "node_modules/to-regex-range": {
      "version": "5.0.1",
      "resolved": "https://registry.npmjs.org/to-regex-range/-/to-regex-range-5.0.1.tgz",
      "integrity": "sha512-65P7iz6X5yEr1cwcgvQxbbIw7Uk3gOy5dIdtZ4rDveLqhrdJP+Li/Hx6tyK0NEb+2GCyneCMJiGqrADCSNk8sQ==",
      "dev": true,
      "dependencies": {
        "is-number": "^7.0.0"
      },
      "engines": {
        "node": ">=8.0"
      }
    },
    "node_modules/tsc-alias": {
      "version": "1.8.7",
      "resolved": "https://registry.npmjs.org/tsc-alias/-/tsc-alias-1.8.7.tgz",
      "integrity": "sha512-59Q/zUQa3miTf99mLbSqaW0hi1jt4WoG8Uhe5hSZJHQpSoFW9eEwvW7jlKMHXWvT+zrzy3SN9PE/YBhQ+WVydA==",
      "dev": true,
      "dependencies": {
        "chokidar": "^3.5.3",
        "commander": "^9.0.0",
        "globby": "^11.0.4",
        "mylas": "^2.1.9",
        "normalize-path": "^3.0.0",
        "plimit-lit": "^1.2.6"
      },
      "bin": {
        "tsc-alias": "dist/bin/index.js"
      }
    },
    "node_modules/typescript": {
      "version": "5.2.2",
      "resolved": "https://registry.npmjs.org/typescript/-/typescript-5.2.2.tgz",
      "integrity": "sha512-mI4WrpHsbCIcwT9cF4FZvr80QUeKvsUsUvKDoR+X/7XHQH98xYD8YHZg7ANtz2GtZt/CBq2QJ0thkGJMHfqc1w==",
      "dev": true,
      "bin": {
        "tsc": "bin/tsc",
        "tsserver": "bin/tsserver"
      },
      "engines": {
        "node": ">=14.17"
      }
    },
    "node_modules/universal-user-agent": {
      "version": "6.0.0",
      "resolved": "https://registry.npmjs.org/universal-user-agent/-/universal-user-agent-6.0.0.tgz",
      "integrity": "sha512-isyNax3wXoKaulPDZWHQqbmIx1k2tb9fb3GGDBRxCscfYV2Ch7WxPArBsFEG8s/safwXTT7H4QGhaIkTp9447w=="
    },
    "node_modules/universalify": {
      "version": "2.0.0",
      "resolved": "https://registry.npmjs.org/universalify/-/universalify-2.0.0.tgz",
      "integrity": "sha512-hAZsKq7Yy11Zu1DE0OzWjw7nnLZmJZYTDZZyEFHZdUhV8FkH5MCfoU1XMaxXovpyW5nq5scPqq0ZDP9Zyl04oQ==",
      "engines": {
        "node": ">= 10.0.0"
      }
    },
    "node_modules/web-streams-polyfill": {
      "version": "3.2.1",
      "resolved": "https://registry.npmjs.org/web-streams-polyfill/-/web-streams-polyfill-3.2.1.tgz",
      "integrity": "sha512-e0MO3wdXWKrLbL0DgGnUV7WHVuw9OUvL4hjgnPkIeEvESk74gAITi5G606JtZPp39cd8HA9VQzCIvA49LpPN5Q==",
      "engines": {
        "node": ">= 8"
      }
    },
    "node_modules/wrappy": {
      "version": "1.0.2",
      "resolved": "https://registry.npmjs.org/wrappy/-/wrappy-1.0.2.tgz",
      "integrity": "sha512-l4Sp/DRseor9wL6EvV2+TuQn63dMkPjZ/sp9XkghTEbV9KlPS1xUsZ3u7/IQO4wxtcFB4bgpQPRcR3QCvezPcQ=="
    }
  }
}
